
Microsoft Visual Studio Solution File, Format Version 12.00
# Visual Studio Version 17
VisualStudioVersion = 17.9.34714.143
MinimumVisualStudioVersion = 10.0.40219.1
Project("{9A19103F-16F7-4668-BE54-9A1E7A4F7556}") = "sr-manual-mod-loader", "sr-manual-mod-loader.csproj", "{4D47D26C-163A-434E-A2D1-0B1546AC3BDE}"
EndProject
Global
	GlobalSection(SolutionConfigurationPlatforms) = preSolution
		Debug|Any CPU = Debug|Any CPU
		Debug|x64 = Debug|x64
		Release|Any CPU = Release|Any CPU
		Release|x64 = Release|x64
	EndGlobalSection
	GlobalSection(ProjectConfigurationPlatforms) = postSolution
		{4D47D26C-163A-434E-A2D1-0B1546AC3BDE}.Debug|Any CPU.ActiveCfg = Debug|Any CPU
		{4D47D26C-163A-434E-A2D1-0B1546AC3BDE}.Debug|Any CPU.Build.0 = Debug|Any CPU
		{4D47D26C-163A-434E-A2D1-0B1546AC3BDE}.Debug|x64.ActiveCfg = Debug|x64
		{4D47D26C-163A-434E-A2D1-0B1546AC3BDE}.Debug|x64.Build.0 = Debug|x64
		{4D47D26C-163A-434E-A2D1-0B1546AC3BDE}.Release|Any CPU.ActiveCfg = Release|Any CPU
		{4D47D26C-163A-434E-A2D1-0B1546AC3BDE}.Release|Any CPU.Build.0 = Release|Any CPU
		{4D47D26C-163A-434E-A2D1-0B1546AC3BDE}.Release|x64.ActiveCfg = Release|x64
		{4D47D26C-163A-434E-A2D1-0B1546AC3BDE}.Release|x64.Build.0 = Release|x64
	EndGlobalSection
	GlobalSection(SolutionProperties) = preSolution
		HideSolutionNode = FALSE
	EndGlobalSection
	GlobalSection(ExtensibilityGlobals) = postSolution
		SolutionGuid = {8BA57CC8-2458-48A6-8CEC-9D74A59601BC}
	EndGlobalSection
EndGlobal
